// !$*UTF8*$!
{
	archiveVersion = 1;
	classes = {
	};
	objectVersion = 56;
	objects = {

/* Begin PBXBuildFile section */
		9ABB90DD2A5D8397008782D6 /* bangkok.docc in Sources */ = {isa = PBXBuildFile; fileRef = 9ABB90DC2A5D8397008782D6 /* bangkok.docc */; };
		9ABB90E32A5D8397008782D6 /* bangkok.framework in Frameworks */ = {isa = PBXBuildFile; fileRef = 9ABB90D82A5D8397008782D6 /* bangkok.framework */; };
		9ABB90E82A5D8397008782D6 /* bangkokTests.swift in Sources */ = {isa = PBXBuildFile; fileRef = 9ABB90E72A5D8397008782D6 /* bangkokTests.swift */; };
		9ABB90E92A5D8397008782D6 /* bangkok.h in Headers */ = {isa = PBXBuildFile; fileRef = 9ABB90DB2A5D8397008782D6 /* bangkok.h */; settings = {ATTRIBUTES = (Public, ); }; };
/* End PBXBuildFile section */

/* Begin PBXContainerItemProxy section */
		9ABB90E42A5D8397008782D6 /* PBXContainerItemProxy */ = {
			isa = PBXContainerItemProxy;
			containerPortal = 9ABB90CF2A5D8397008782D6 /* Project object */;
			proxyType = 1;
			remoteGlobalIDString = 9ABB90D72A5D8397008782D6;
			remoteInfo = bangkok;
		};
/* End PBXContainerItemProxy section */

/* Begin PBXFileReference section */
		9ABB90D82A5D8397008782D6 /* bangkok.framework */ = {isa = PBXFileReference; explicitFileType = wrapper.framework; includeInIndex = 0; path = bangkok.framework; sourceTree = BUILT_PRODUCTS_DIR; };
		9ABB90DB2A5D8397008782D6 /* bangkok.h */ = {isa = PBXFileReference; lastKnownFileType = sourcecode.c.h; path = bangkok.h; sourceTree = "<group>"; };
		9ABB90DC2A5D8397008782D6 /* bangkok.docc */ = {isa = PBXFileReference; lastKnownFileType = folder.documentationcatalog; path = bangkok.docc; sourceTree = "<group>"; };
		9ABB90E22A5D8397008782D6 /* bangkokTests.xctest */ = {isa = PBXFileReference; explicitFileType = wrapper.cfbundle; includeInIndex = 0; path = bangkokTests.xctest; sourceTree = BUILT_PRODUCTS_DIR; };
		9ABB90E72A5D8397008782D6 /* bangkokTests.swift */ = {isa = PBXFileReference; lastKnownFileType = sourcecode.swift; path = bangkokTests.swift; sourceTree = "<group>"; };
		9ABB90F22A5D8527008782D6 /* bkk.gpx */ = {isa = PBXFileReference; lastKnownFileType = text.xml; path = bkk.gpx; sourceTree = "<group>"; };
/* End PBXFileReference section */

/* Begin PBXFrameworksBuildPhase section */
		9ABB90D52A5D8397008782D6 /* Frameworks */ = {
			isa = PBXFrameworksBuildPhase;
			buildActionMask = 2147483647;
			files = (
			);
			runOnlyForDeploymentPostprocessing = 0;
		};
		9ABB90DF2A5D8397008782D6 /* Frameworks */ = {
			isa = PBXFrameworksBuildPhase;
			buildActionMask = 2147483647;
			files = (
				9ABB90E32A5D8397008782D6 /* bangkok.framework in Frameworks */,
			);
			runOnlyForDeploymentPostprocessing = 0;
		};
/* End PBXFrameworksBuildPhase section */

/* Begin PBXGroup section */
		9ABB90CE2A5D8397008782D6 = {
			isa = PBXGroup;
			children = (
				9ABB90F22A5D8527008782D6 /* bkk.gpx */,
				9ABB90DA2A5D8397008782D6 /* bangkok */,
				9ABB90E62A5D8397008782D6 /* bangkokTests */,
				9ABB90D92A5D8397008782D6 /* Products */,
			);
			sourceTree = "<group>";
		};
		9ABB90D92A5D8397008782D6 /* Products */ = {
			isa = PBXGroup;
			children = (
				9ABB90D82A5D8397008782D6 /* bangkok.framework */,
				9ABB90E22A5D8397008782D6 /* bangkokTests.xctest */,
			);
			name = Products;
			sourceTree = "<group>";
		};
		9ABB90DA2A5D8397008782D6 /* bangkok */ = {
			isa = PBXGroup;
			children = (
				9ABB90DB2A5D8397008782D6 /* bangkok.h */,
				9ABB90DC2A5D8397008782D6 /* bangkok.docc */,
			);
			path = bangkok;
			sourceTree = "<group>";
		};
		9ABB90E62A5D8397008782D6 /* bangkokTests */ = {
			isa = PBXGroup;
			children = (
				9ABB90E72A5D8397008782D6 /* bangkokTests.swift */,
			);
			path = bangkokTests;
			sourceTree = "<group>";
		};
/* End PBXGroup section */

/* Begin PBXHeadersBuildPhase section */
		9ABB90D32A5D8397008782D6 /* Headers */ = {
			isa = PBXHeadersBuildPhase;
			buildActionMask = 2147483647;
			files = (
				9ABB90E92A5D8397008782D6 /* bangkok.h in Headers */,
			);
			runOnlyForDeploymentPostprocessing = 0;
		};
/* End PBXHeadersBuildPhase section */

/* Begin PBXNativeTarget section */
		9ABB90D72A5D8397008782D6 /* bangkok */ = {
			isa = PBXNativeTarget;
			buildConfigurationList = 9ABB90EC2A5D8397008782D6 /* Build configuration list for PBXNativeTarget "bangkok" */;
			buildPhases = (
				9ABB90D32A5D8397008782D6 /* Headers */,
				9ABB90D42A5D8397008782D6 /* Sources */,
				9ABB90D52A5D8397008782D6 /* Frameworks */,
				9ABB90D62A5D8397008782D6 /* Resources */,
			);
			buildRules = (
			);
			dependencies = (
			);
			name = bangkok;
			productName = bangkok;
			productReference = 9ABB90D82A5D8397008782D6 /* bangkok.framework */;
			productType = "com.apple.product-type.framework";
		};
		9ABB90E12A5D8397008782D6 /* bangkokTests */ = {
			isa = PBXNativeTarget;
			buildConfigurationList = 9ABB90EF2A5D8397008782D6 /* Build configuration list for PBXNativeTarget "bangkokTests" */;
			buildPhases = (
				9ABB90DE2A5D8397008782D6 /* Sources */,
				9ABB90DF2A5D8397008782D6 /* Frameworks */,
				9ABB90E02A5D8397008782D6 /* Resources */,
			);
			buildRules = (
			);
			dependencies = (
				9ABB90E52A5D8397008782D6 /* PBXTargetDependency */,
			);
			name = bangkokTests;
			productName = bangkokTests;
			productReference = 9ABB90E22A5D8397008782D6 /* bangkokTests.xctest */;
			productType = "com.apple.product-type.bundle.unit-test";
		};
/* End PBXNativeTarget section */

/* Begin PBXProject section */
		9ABB90CF2A5D8397008782D6 /* Project object */ = {
			isa = PBXProject;
			attributes = {
				BuildIndependentTargetsInParallel = 1;
				LastSwiftUpdateCheck = 1430;
				LastUpgradeCheck = 1430;
				TargetAttributes = {
					9ABB90D72A5D8397008782D6 = {
						CreatedOnToolsVersion = 14.3.1;
					};
					9ABB90E12A5D8397008782D6 = {
						CreatedOnToolsVersion = 14.3.1;
					};
				};
			};
			buildConfigurationList = 9ABB90D22A5D8397008782D6 /* Build configuration list for PBXProject "bangkok" */;
			compatibilityVersion = "Xcode 14.0";
			developmentRegion = en;
			hasScannedForEncodings = 0;
			knownRegions = (
				en,
				Base,
			);
			mainGroup = 9ABB90CE2A5D8397008782D6;
			productRefGroup = 9ABB90D92A5D8397008782D6 /* Products */;
			projectDirPath = "";
			projectRoot = "";
			targets = (
				9ABB90D72A5D8397008782D6 /* bangkok */,
				9ABB90E12A5D8397008782D6 /* bangkokTests */,
			);
		};
/* End PBXProject section */

/* Begin PBXResourcesBuildPhase section */
		9ABB90D62A5D8397008782D6 /* Resources */ = {
			isa = PBXResourcesBuildPhase;
			buildActionMask = 2147483647;
			files = (
			);
			runOnlyForDeploymentPostprocessing = 0;
		};
		9ABB90E02A5D8397008782D6 /* Resources */ = {
			isa = PBXResourcesBuildPhase;
			buildActionMask = 2147483647;
			files = (
			);
			runOnlyForDeploymentPostprocessing = 0;
		};
/* End PBXResourcesBuildPhase section */

/* Begin PBXSourcesBuildPhase section */
		9ABB90D42A5D8397008782D6 /* Sources */ = {
			isa = PBXSourcesBuildPhase;
			buildActionMask = 2147483647;
			files = (
				9ABB90DD2A5D8397008782D6 /* bangkok.docc in Sources */,
			);
			runOnlyForDeploymentPostprocessing = 0;
		};
		9ABB90DE2A5D8397008782D6 /* Sources */ = {
			isa = PBXSourcesBuildPhase;
			buildActionMask = 2147483647;
			files = (
				9ABB90E82A5D8397008782D6 /* bangkokTests.swift in Sources */,
			);
			runOnlyForDeploymentPostprocessing = 0;
		};
/* End PBXSourcesBuildPhase section */

/* Begin PBXTargetDependency section */
		9ABB90E52A5D8397008782D6 /* PBXTargetDependency */ = {
			isa = PBXTargetDependency;
			target = 9ABB90D72A5D8397008782D6 /* bangkok */;
			targetProxy = 9ABB90E42A5D8397008782D6 /* PBXContainerItemProxy */;
		};
/* End PBXTargetDependency section */

/* Begin XCBuildConfiguration section */
		9ABB90EA2A5D8397008782D6 /* Debug */ = {
			isa = XCBuildConfiguration;
			buildSettings = {
				ALWAYS_SEARCH_USER_PATHS = NO;
				CLANG_ANALYZER_NONNULL = YES;
				CLANG_ANALYZER_NUMBER_OBJECT_CONVERSION = YES_AGGRESSIVE;
				CLANG_CXX_LANGUAGE_STANDARD = "gnu++20";
				CLANG_ENABLE_MODULES = YES;
				CLANG_ENABLE_OBJC_ARC = YES;
				CLANG_ENABLE_OBJC_WEAK = YES;
				CLANG_WARN_BLOCK_CAPTURE_AUTORELEASING = YES;
				CLANG_WARN_BOOL_CONVERSION = YES;
				CLANG_WARN_COMMA = YES;
				CLANG_WARN_CONSTANT_CONVERSION = YES;
				CLANG_WARN_DEPRECATED_OBJC_IMPLEMENTATIONS = YES;
				CLANG_WARN_DIRECT_OBJC_ISA_USAGE = YES_ERROR;
				CLANG_WARN_DOCUMENTATION_COMMENTS = YES;
				CLANG_WARN_EMPTY_BODY = YES;
				CLANG_WARN_ENUM_CONVERSION = YES;
				CLANG_WARN_INFINITE_RECURSION = YES;
				CLANG_WARN_INT_CONVERSION = YES;
				CLANG_WARN_NON_LITERAL_NULL_CONVERSION = YES;
				CLANG_WARN_OBJC_IMPLICIT_RETAIN_SELF = YES;
				CLANG_WARN_OBJC_LITERAL_CONVERSION = YES;
				CLANG_WARN_OBJC_ROOT_CLASS = YES_ERROR;
				CLANG_WARN_QUOTED_INCLUDE_IN_FRAMEWORK_HEADER = YES;
				CLANG_WARN_RANGE_LOOP_ANALYSIS = YES;
				CLANG_WARN_STRICT_PROTOTYPES = YES;
				CLANG_WARN_SUSPICIOUS_MOVE = YES;
				CLANG_WARN_UNGUARDED_AVAILABILITY = YES_AGGRESSIVE;
				CLANG_WARN_UNREACHABLE_CODE = YES;
				CLANG_WARN__DUPLICATE_METHOD_MATCH = YES;
				COPY_PHASE_STRIP = NO;
				CURRENT_PROJECT_VERSION = 1;
				DEBUG_INFORMATION_FORMAT = dwarf;
				ENABLE_STRICT_OBJC_MSGSEND = YES;
				ENABLE_TESTABILITY = YES;
				GCC_C_LANGUAGE_STANDARD = gnu11;
				GCC_DYNAMIC_NO_PIC = NO;
				GCC_NO_COMMON_BLOCKS = YES;
				GCC_OPTIMIZATION_LEVEL = 0;
				GCC_PREPROCESSOR_DEFINITIONS = (
					"DEBUG=1",
					"$(inherited)",
				);
				GCC_WARN_64_TO_32_BIT_CONVERSION = YES;
				GCC_WARN_ABOUT_RETURN_TYPE = YES_ERROR;
				GCC_WARN_UNDECLARED_SELECTOR = YES;
				GCC_WARN_UNINITIALIZED_AUTOS = YES_AGGRESSIVE;
				GCC_WARN_UNUSED_FUNCTION = YES;
				GCC_WARN_UNUSED_VARIABLE = YES;
				IPHONEOS_DEPLOYMENT_TARGET = 16.4;
				MTL_ENABLE_DEBUG_INFO = INCLUDE_SOURCE;
				MTL_FAST_MATH = YES;
				ONLY_ACTIVE_ARCH = YES;
				SDKROOT = iphoneos;
				SWIFT_ACTIVE_COMPILATION_CONDITIONS = DEBUG;
				SWIFT_OPTIMIZATION_LEVEL = "-Onone";
				VERSIONING_SYSTEM = "apple-generic";
				VERSION_INFO_PREFIX = "";
			};
			name = Debug;
		};
		9ABB90EB2A5D8397008782D6 /* Release */ = {
			isa = XCBuildConfiguration;
			buildSettings = {
				ALWAYS_SEARCH_USER_PATHS = NO;
				CLANG_ANALYZER_NONNULL = YES;
				CLANG_ANALYZER_NUMBER_OBJECT_CONVERSION = YES_AGGRESSIVE;
				CLANG_CXX_LANGUAGE_STANDARD = "gnu++20";
				CLANG_ENABLE_MODULES = YES;
				CLANG_ENABLE_OBJC_ARC = YES;
				CLANG_ENABLE_OBJC_WEAK = YES;
				CLANG_WARN_BLOCK_CAPTURE_AUTORELEASING = YES;
				CLANG_WARN_BOOL_CONVERSION = YES;
				CLANG_WARN_COMMA = YES;
				CLANG_WARN_CONSTANT_CONVERSION = YES;
				CLANG_WARN_DEPRECATED_OBJC_IMPLEMENTATIONS = YES;
				CLANG_WARN_DIRECT_OBJC_ISA_USAGE = YES_ERROR;
				CLANG_WARN_DOCUMENTATION_COMMENTS = YES;
				CLANG_WARN_EMPTY_BODY = YES;
				CLANG_WARN_ENUM_CONVERSION = YES;
				CLANG_WARN_INFINITE_RECURSION = YES;
				CLANG_WARN_INT_CONVERSION = YES;
				CLANG_WARN_NON_LITERAL_NULL_CONVERSION = YES;
				CLANG_WARN_OBJC_IMPLICIT_RETAIN_SELF = YES;
				CLANG_WARN_OBJC_LITERAL_CONVERSION = YES;
				CLANG_WARN_OBJC_ROOT_CLASS = YES_ERROR;
				CLANG_WARN_QUOTED_INCLUDE_IN_FRAMEWORK_HEADER = YES;
				CLANG_WARN_RANGE_LOOP_ANALYSIS = YES;
				CLANG_WARN_STRICT_PROTOTYPES = YES;
				CLANG_WARN_SUSPICIOUS_MOVE = YES;
				CLANG_WARN_UNGUARDED_AVAILABILITY = YES_AGGRESSIVE;
				CLANG_WARN_UNREACHABLE_CODE = YES;
				CLANG_WARN__DUPLICATE_METHOD_MATCH = YES;
				COPY_PHASE_STRIP = NO;
				CURRENT_PROJECT_VERSION = 1;
				DEBUG_INFORMATION_FORMAT = "dwarf-with-dsym";
				ENABLE_NS_ASSERTIONS = NO;
				ENABLE_STRICT_OBJC_MSGSEND = YES;
				GCC_C_LANGUAGE_STANDARD = gnu11;
				GCC_NO_COMMON_BLOCKS = YES;
				GCC_WARN_64_TO_32_BIT_CONVERSION = YES;
				GCC_WARN_ABOUT_RETURN_TYPE = YES_ERROR;
				GCC_WARN_UNDECLARED_SELECTOR = YES;
				GCC_WARN_UNINITIALIZED_AUTOS = YES_AGGRESSIVE;
				GCC_WARN_UNUSED_FUNCTION = YES;
				GCC_WARN_UNUSED_VARIABLE = YES;
				IPHONEOS_DEPLOYMENT_TARGET = 16.4;
				MTL_ENABLE_DEBUG_INFO = NO;
				MTL_FAST_MATH = YES;
				SDKROOT = iphoneos;
				SWIFT_COMPILATION_MODE = wholemodule;
				SWIFT_OPTIMIZATION_LEVEL = "-O";
				VALIDATE_PRODUCT = YES;
				VERSIONING_SYSTEM = "apple-generic";
				VERSION_INFO_PREFIX = "";
			};
			name = Release;
		};
		9ABB90ED2A5D8397008782D6 /* Debug */ = {
			isa = XCBuildConfiguration;
			buildSettings = {
				CODE_SIGN_STYLE = Automatic;
				CURRENT_PROJECT_VERSION = 1;
				DEFINES_MODULE = YES;
				DYLIB_COMPATIBILITY_VERSION = 1;
				DYLIB_CURRENT_VERSION = 1;
				DYLIB_INSTALL_NAME_BASE = "@rpath";
				ENABLE_MODULE_VERIFIER = YES;
				GENERATE_INFOPLIST_FILE = YES;
				INFOPLIST_KEY_NSHumanReadableCopyright = "";
				INSTALL_PATH = "$(LOCAL_LIBRARY_DIR)/Frameworks";
				LD_RUNPATH_SEARCH_PATHS = (
					"$(inherited)",
					"@executable_path/Frameworks",
					"@loader_path/Frameworks",
				);
				MARKETING_VERSION = 1.0;
				MODULE_VERIFIER_SUPPORTED_LANGUAGES = "objective-c objective-c++";
				MODULE_VERIFIER_SUPPORTED_LANGUAGE_STANDARDS = "gnu11 gnu++20";
				PRODUCT_BUNDLE_IDENTIFIER = facebook.bangkok;
				PRODUCT_NAME = "$(TARGET_NAME:c99extidentifier)";
				SKIP_INSTALL = YES;
				SWIFT_EMIT_LOC_STRINGS = YES;
				SWIFT_VERSION = 5.0;
				TARGETED_DEVICE_FAMILY = "1,2";
			};
			name = Debug;
		};
		9ABB90EE2A5D8397008782D6 /* Release */ = {
			isa = XCBuildConfiguration;
			buildSettings = {
				CODE_SIGN_STYLE = Automatic;
				CURRENT_PROJECT_VERSION = 1;
				DEFINES_MODULE = YES;
				DYLIB_COMPATIBILITY_VERSION = 1;
				DYLIB_CURRENT_VERSION = 1;
				DYLIB_INSTALL_NAME_BASE = "@rpath";
				ENABLE_MODULE_VERIFIER = YES;
				GENERATE_INFOPLIST_FILE = YES;
				INFOPLIST_KEY_NSHumanReadableCopyright = "";
				INSTALL_PATH = "$(LOCAL_LIBRARY_DIR)/Frameworks";
				LD_RUNPATH_SEARCH_PATHS = (
					"$(inherited)",
					"@executable_path/Frameworks",
					"@loader_path/Frameworks",
				);
				MARKETING_VERSION = 1.0;
				MODULE_VERIFIER_SUPPORTED_LANGUAGES = "objective-c objective-c++";
				MODULE_VERIFIER_SUPPORTED_LANGUAGE_STANDARDS = "gnu11 gnu++20";
				PRODUCT_BUNDLE_IDENTIFIER = facebook.bangkok;
				PRODUCT_NAME = "$(TARGET_NAME:c99extidentifier)";
				SKIP_INSTALL = YES;
				SWIFT_EMIT_LOC_STRINGS = YES;
				SWIFT_VERSION = 5.0;
				TARGETED_DEVICE_FAMILY = "1,2";
			};
			name = Release;
		};
		9ABB90F02A5D8397008782D6 /* Debug */ = {
			isa = XCBuildConfiguration;
			buildSettings = {
				CODE_SIGN_STYLE = Automatic;
				CURRENT_PROJECT_VERSION = 1;
				GENERATE_INFOPLIST_FILE = YES;
				MARKETING_VERSION = 1.0;
				PRODUCT_BUNDLE_IDENTIFIER = facebook.bangkokTests;
				PRODUCT_NAME = "$(TARGET_NAME)";
				SWIFT_EMIT_LOC_STRINGS = NO;
				SWIFT_VERSION = 5.0;
				TARGETED_DEVICE_FAMILY = "1,2";
			};
			name = Debug;
		};
		9ABB90F12A5D8397008782D6 /* Release */ = {
			isa = XCBuildConfiguration;
			buildSettings = {
				CODE_SIGN_STYLE = Automatic;
				CURRENT_PROJECT_VERSION = 1;
				GENERATE_INFOPLIST_FILE = YES;
				MARKETING_VERSION = 1.0;
				PRODUCT_BUNDLE_IDENTIFIER = facebook.bangkokTests;
				PRODUCT_NAME = "$(TARGET_NAME)";
				SWIFT_EMIT_LOC_STRINGS = NO;
				SWIFT_VERSION = 5.0;
				TARGETED_DEVICE_FAMILY = "1,2";
			};
			name = Release;
		};
/* End XCBuildConfiguration section */

/* Begin XCConfigurationList section */
		9ABB90D22A5D8397008782D6 /* Build configuration list for PBXProject "bangkok" */ = {
			isa = XCConfigurationList;
			buildConfigurations = (
				9ABB90EA2A5D8397008782D6 /* Debug */,
				9ABB90EB2A5D8397008782D6 /* Release */,
			);
			defaultConfigurationIsVisible = 0;
			defaultConfigurationName = Release;
		};
		9ABB90EC2A5D8397008782D6 /* Build configuration list for PBXNativeTarget "bangkok" */ = {
			isa = XCConfigurationList;
			buildConfigurations = (
				9ABB90ED2A5D8397008782D6 /* Debug */,
				9ABB90EE2A5D8397008782D6 /* Release */,
			);
			defaultConfigurationIsVisible = 0;
			defaultConfigurationName = Release;
		};
		9ABB90EF2A5D8397008782D6 /* Build configuration list for PBXNativeTarget "bangkokTests" */ = {
			isa = XCConfigurationList;
			buildConfigurations = (
				9ABB90F02A5D8397008782D6 /* Debug */,
				9ABB90F12A5D8397008782D6 /* Release */,
			);
			defaultConfigurationIsVisible = 0;
			defaultConfigurationName = Release;
		};
/* End XCConfigurationList section */
	};
	rootObject = 9ABB90CF2A5D8397008782D6 /* Project object */;
}
